
Microsoft Visual Studio Solution File, Format Version 12.00
# Visual Studio Version 16
VisualStudioVersion = 16.0.31624.102
MinimumVisualStudioVersion = 10.0.40219.1
Project("{9A19103F-16F7-4668-BE54-9A1E7A4F7556}") = "SPP_1", "SPP_1\SPP_1.csproj", "{5C649FD7-EF25-43C3-9FD6-B42EF18FAF44}"
EndProject
Project("{9A19103F-16F7-4668-BE54-9A1E7A4F7556}") = "SortLibrary", "SortLibrary\SortLibrary.csproj", "{D9083E2C-AF41-4882-AC86-D339A76A0EA2}"
EndProject
Project("{9A19103F-16F7-4668-BE54-9A1E7A4F7556}") = "SPP1_GUI", "SPP1_GUI\SPP1_GUI.csproj", "{C6BAE5CC-2C66-4B88-81FD-77919C08D267}"
EndProject
Project("{FAE04EC0-301F-11D3-BF4B-00C04F79EFBC}") = "Tests", "Tests\Tests.csproj", "{D3F66CCC-062B-4DDD-8361-1BD505CFD52E}"
EndProject
Global
	GlobalSection(SolutionConfigurationPlatforms) = preSolution
		Debug|Any CPU = Debug|Any CPU
		Release|Any CPU = Release|Any CPU
	EndGlobalSection
	GlobalSection(ProjectConfigurationPlatforms) = postSolution
		{5C649FD7-EF25-43C3-9FD6-B42EF18FAF44}.Debug|Any CPU.ActiveCfg = Debug|Any CPU
		{5C649FD7-EF25-43C3-9FD6-B42EF18FAF44}.Debug|Any CPU.Build.0 = Debug|Any CPU
		{5C649FD7-EF25-43C3-9FD6-B42EF18FAF44}.Release|Any CPU.ActiveCfg = Release|Any CPU
		{5C649FD7-EF25-43C3-9FD6-B42EF18FAF44}.Release|Any CPU.Build.0 = Release|Any CPU
		{D9083E2C-AF41-4882-AC86-D339A76A0EA2}.Debug|Any CPU.ActiveCfg = Debug|Any CPU
		{D9083E2C-AF41-4882-AC86-D339A76A0EA2}.Debug|Any CPU.Build.0 = Debug|Any CPU
		{D9083E2C-AF41-4882-AC86-D339A76A0EA2}.Release|Any CPU.ActiveCfg = Release|Any CPU
		{D9083E2C-AF41-4882-AC86-D339A76A0EA2}.Release|Any CPU.Build.0 = Release|Any CPU
		{C6BAE5CC-2C66-4B88-81FD-77919C08D267}.Debug|Any CPU.ActiveCfg = Debug|Any CPU
		{C6BAE5CC-2C66-4B88-81FD-77919C08D267}.Debug|Any CPU.Build.0 = Debug|Any CPU
		{C6BAE5CC-2C66-4B88-81FD-77919C08D267}.Release|Any CPU.ActiveCfg = Release|Any CPU
		{C6BAE5CC-2C66-4B88-81FD-77919C08D267}.Release|Any CPU.Build.0 = Release|Any CPU
		{D3F66CCC-062B-4DDD-8361-1BD505CFD52E}.Debug|Any CPU.ActiveCfg = Debug|Any CPU
		{D3F66CCC-062B-4DDD-8361-1BD505CFD52E}.Debug|Any CPU.Build.0 = Debug|Any CPU
		{D3F66CCC-062B-4DDD-8361-1BD505CFD52E}.Release|Any CPU.ActiveCfg = Release|Any CPU
		{D3F66CCC-062B-4DDD-8361-1BD505CFD52E}.Release|Any CPU.Build.0 = Release|Any CPU
	EndGlobalSection
	GlobalSection(SolutionProperties) = preSolution
		HideSolutionNode = FALSE
	EndGlobalSection
	GlobalSection(ExtensibilityGlobals) = postSolution
		SolutionGuid = {19C3D35E-DD79-49CF-886D-4764A24953C6}
	EndGlobalSection
EndGlobal
